// !$*UTF8*$!
{
	archiveVersion = 1;
	classes = {
	};
	objectVersion = 46;
	objects = {

/* Begin PBXBuildFile section */
		9107CBCE1D3B242600698CAD /* AppDelegate.swift in Sources */ = {isa = PBXBuildFile; fileRef = 9107CBCD1D3B242600698CAD /* AppDelegate.swift */; };
		9107CBD11D3B242600698CAD /* Week3.xcdatamodeld in Sources */ = {isa = PBXBuildFile; fileRef = 9107CBCF1D3B242600698CAD /* Week3.xcdatamodeld */; };
		9107CBD31D3B242600698CAD /* MasterViewController.swift in Sources */ = {isa = PBXBuildFile; fileRef = 9107CBD21D3B242600698CAD /* MasterViewController.swift */; };
		9107CBD51D3B242600698CAD /* DetailViewController.swift in Sources */ = {isa = PBXBuildFile; fileRef = 9107CBD41D3B242600698CAD /* DetailViewController.swift */; };
		9107CBD81D3B242600698CAD /* Main.storyboard in Resources */ = {isa = PBXBuildFile; fileRef = 9107CBD61D3B242600698CAD /* Main.storyboard */; };
		9107CBDA1D3B242600698CAD /* Assets.xcassets in Resources */ = {isa = PBXBuildFile; fileRef = 9107CBD91D3B242600698CAD /* Assets.xcassets */; };
		9107CBDD1D3B242600698CAD /* LaunchScreen.storyboard in Resources */ = {isa = PBXBuildFile; fileRef = 9107CBDB1D3B242600698CAD /* LaunchScreen.storyboard */; };
		9107CBE51D3B291D00698CAD /* img1.jpg in Resources */ = {isa = PBXBuildFile; fileRef = 9107CBE41D3B291D00698CAD /* img1.jpg */; };
		9107CC101D3C822A00698CAD /* ViewController.swift in Sources */ = {isa = PBXBuildFile; fileRef = 9107CC0F1D3C822A00698CAD /* ViewController.swift */; };
/* End PBXBuildFile section */

/* Begin PBXFileReference section */
		9107CBCA1D3B242600698CAD /* Week3.app */ = {isa = PBXFileReference; explicitFileType = wrapper.application; includeInIndex = 0; path = Week3.app; sourceTree = BUILT_PRODUCTS_DIR; };
		9107CBCD1D3B242600698CAD /* AppDelegate.swift */ = {isa = PBXFileReference; lastKnownFileType = sourcecode.swift; path = AppDelegate.swift; sourceTree = "<group>"; };
		9107CBD01D3B242600698CAD /* Week3.xcdatamodel */ = {isa = PBXFileReference; lastKnownFileType = wrapper.xcdatamodel; path = Week3.xcdatamodel; sourceTree = "<group>"; };
		9107CBD21D3B242600698CAD /* MasterViewController.swift */ = {isa = PBXFileReference; lastKnownFileType = sourcecode.swift; path = MasterViewController.swift; sourceTree = "<group>"; };
		9107CBD41D3B242600698CAD /* DetailViewController.swift */ = {isa = PBXFileReference; lastKnownFileType = sourcecode.swift; path = DetailViewController.swift; sourceTree = "<group>"; };
		9107CBD71D3B242600698CAD /* Base */ = {isa = PBXFileReference; lastKnownFileType = file.storyboard; name = Base; path = Base.lproj/Main.storyboard; sourceTree = "<group>"; };
		9107CBD91D3B242600698CAD /* Assets.xcassets */ = {isa = PBXFileReference; lastKnownFileType = folder.assetcatalog; path = Assets.xcassets; sourceTree = "<group>"; };
		9107CBDC1D3B242600698CAD /* Base */ = {isa = PBXFileReference; lastKnownFileType = file.storyboard; name = Base; path = Base.lproj/LaunchScreen.storyboard; sourceTree = "<group>"; };
		9107CBDE1D3B242600698CAD /* Info.plist */ = {isa = PBXFileReference; lastKnownFileType = text.plist.xml; path = Info.plist; sourceTree = "<group>"; };
		9107CBE41D3B291D00698CAD /* img1.jpg */ = {isa = PBXFileReference; lastKnownFileType = image.jpeg; path = img1.jpg; sourceTree = "<group>"; };
		9107CC0F1D3C822A00698CAD /* ViewController.swift */ = {isa = PBXFileReference; fileEncoding = 4; lastKnownFileType = sourcecode.swift; path = ViewController.swift; sourceTree = "<group>"; };
/* End PBXFileReference section */

/* Begin PBXFrameworksBuildPhase section */
		9107CBC71D3B242600698CAD /* Frameworks */ = {
			isa = PBXFrameworksBuildPhase;
			buildActionMask = 2147483647;
			files = (
			);
			runOnlyForDeploymentPostprocessing = 0;
		};
/* End PBXFrameworksBuildPhase section */

/* Begin PBXGroup section */
		9107CBC11D3B242600698CAD = {
			isa = PBXGroup;
			children = (
				9107CBCC1D3B242600698CAD /* Week3 */,
				9107CBCB1D3B242600698CAD /* Products */,
			);
			sourceTree = "<group>";
		};
		9107CBCB1D3B242600698CAD /* Products */ = {
			isa = PBXGroup;
			children = (
				9107CBCA1D3B242600698CAD /* Week3.app */,
			);
			name = Products;
			sourceTree = "<group>";
		};
		9107CBCC1D3B242600698CAD /* Week3 */ = {
			isa = PBXGroup;
			children = (
				9107CC0F1D3C822A00698CAD /* ViewController.swift */,
				9107CBCD1D3B242600698CAD /* AppDelegate.swift */,
				9107CBD21D3B242600698CAD /* MasterViewController.swift */,
				9107CBD41D3B242600698CAD /* DetailViewController.swift */,
				9107CBD61D3B242600698CAD /* Main.storyboard */,
				9107CBD91D3B242600698CAD /* Assets.xcassets */,
				9107CBE41D3B291D00698CAD /* img1.jpg */,
				9107CBDB1D3B242600698CAD /* LaunchScreen.storyboard */,
				9107CBDE1D3B242600698CAD /* Info.plist */,
				9107CBCF1D3B242600698CAD /* Week3.xcdatamodeld */,
			);
			path = Week3;
			sourceTree = "<group>";
		};
/* End PBXGroup section */

/* Begin PBXNativeTarget section */
		9107CBC91D3B242600698CAD /* Week3 */ = {
			isa = PBXNativeTarget;
			buildConfigurationList = 9107CBE11D3B242600698CAD /* Build configuration list for PBXNativeTarget "Week3" */;
			buildPhases = (
				9107CBC61D3B242600698CAD /* Sources */,
				9107CBC71D3B242600698CAD /* Frameworks */,
				9107CBC81D3B242600698CAD /* Resources */,
			);
			buildRules = (
			);
			dependencies = (
			);
			name = Week3;
			productName = Week3;
			productReference = 9107CBCA1D3B242600698CAD /* Week3.app */;
			productType = "com.apple.product-type.application";
		};
/* End PBXNativeTarget section */

/* Begin PBXProject section */
		9107CBC21D3B242600698CAD /* Project object */ = {
			isa = PBXProject;
			attributes = {
				LastSwiftUpdateCheck = 0730;
				LastUpgradeCheck = 0730;
				ORGANIZATIONNAME = "Eliseo Fuentes";
				TargetAttributes = {
					9107CBC91D3B242600698CAD = {
						CreatedOnToolsVersion = 7.3.1;
					};
				};
			};
			buildConfigurationList = 9107CBC51D3B242600698CAD /* Build configuration list for PBXProject "Week3" */;
			compatibilityVersion = "Xcode 3.2";
			developmentRegion = English;
			hasScannedForEncodings = 0;
			knownRegions = (
				en,
				Base,
			);
			mainGroup = 9107CBC11D3B242600698CAD;
			productRefGroup = 9107CBCB1D3B242600698CAD /* Products */;
			projectDirPath = "";
			projectRoot = "";
			targets = (
				9107CBC91D3B242600698CAD /* Week3 */,
			);
		};
/* End PBXProject section */

/* Begin PBXResourcesBuildPhase section */
		9107CBC81D3B242600698CAD /* Resources */ = {
			isa = PBXResourcesBuildPhase;
			buildActionMask = 2147483647;
			files = (
				9107CBDD1D3B242600698CAD /* LaunchScreen.storyboard in Resources */,
				9107CBE51D3B291D00698CAD /* img1.jpg in Resources */,
				9107CBDA1D3B242600698CAD /* Assets.xcassets in Resources */,
				9107CBD81D3B242600698CAD /* Main.storyboard in Resources */,
			);
			runOnlyForDeploymentPostprocessing = 0;
		};
/* End PBXResourcesBuildPhase section */

/* Begin PBXSourcesBuildPhase section */
		9107CBC61D3B242600698CAD /* Sources */ = {
			isa = PBXSourcesBuildPhase;
			buildActionMask = 2147483647;
			files = (
				9107CC101D3C822A00698CAD /* ViewController.swift in Sources */,
				9107CBCE1D3B242600698CAD /* AppDelegate.swift in Sources */,
				9107CBD11D3B242600698CAD /* Week3.xcdatamodeld in Sources */,
				9107CBD31D3B242600698CAD /* MasterViewController.swift in Sources */,
				9107CBD51D3B242600698CAD /* DetailViewController.swift in Sources */,
			);
			runOnlyForDeploymentPostprocessing = 0;
		};
/* End PBXSourcesBuildPhase section */

/* Begin PBXVariantGroup section */
		9107CBD61D3B242600698CAD /* Main.storyboard */ = {
			isa = PBXVariantGroup;
			children = (
				9107CBD71D3B242600698CAD /* Base */,
			);
			name = Main.storyboard;
			sourceTree = "<group>";
		};
		9107CBDB1D3B242600698CAD /* LaunchScreen.storyboard */ = {
			isa = PBXVariantGroup;
			children = (
				9107CBDC1D3B242600698CAD /* Base */,
			);
			name = LaunchScreen.storyboard;
			sourceTree = "<group>";
		};
/* End PBXVariantGroup section */

/* Begin XCBuildConfiguration section */
		9107CBDF1D3B242600698CAD /* Debug */ = {
			isa = XCBuildConfiguration;
			buildSettings = {
				ALWAYS_SEARCH_USER_PATHS = NO;
				CLANG_ANALYZER_NONNULL = YES;
				CLANG_CXX_LANGUAGE_STANDARD = "gnu++0x";
				CLANG_CXX_LIBRARY = "libc++";
				CLANG_ENABLE_MODULES = YES;
				CLANG_ENABLE_OBJC_ARC = YES;
				CLANG_WARN_BOOL_CONVERSION = YES;
				CLANG_WARN_CONSTANT_CONVERSION = YES;
				CLANG_WARN_DIRECT_OBJC_ISA_USAGE = YES_ERROR;
				CLANG_WARN_EMPTY_BODY = YES;
				CLANG_WARN_ENUM_CONVERSION = YES;
				CLANG_WARN_INT_CONVERSION = YES;
				CLANG_WARN_OBJC_ROOT_CLASS = YES_ERROR;
				CLANG_WARN_UNREACHABLE_CODE = YES;
				CLANG_WARN__DUPLICATE_METHOD_MATCH = YES;
				"CODE_SIGN_IDENTITY[sdk=iphoneos*]" = "iPhone Developer";
				COPY_PHASE_STRIP = NO;
				DEBUG_INFORMATION_FORMAT = dwarf;
				ENABLE_STRICT_OBJC_MSGSEND = YES;
				ENABLE_TESTABILITY = YES;
				GCC_C_LANGUAGE_STANDARD = gnu99;
				GCC_DYNAMIC_NO_PIC = NO;
				GCC_NO_COMMON_BLOCKS = YES;
				GCC_OPTIMIZATION_LEVEL = 0;
				GCC_PREPROCESSOR_DEFINITIONS = (
					"DEBUG=1",
					"$(inherited)",
				);
				GCC_WARN_64_TO_32_BIT_CONVERSION = YES;
				GCC_WARN_ABOUT_RETURN_TYPE = YES_ERROR;
				GCC_WARN_UNDECLARED_SELECTOR = YES;
				GCC_WARN_UNINITIALIZED_AUTOS = YES_AGGRESSIVE;
				GCC_WARN_UNUSED_FUNCTION = YES;
				GCC_WARN_UNUSED_VARIABLE = YES;
				IPHONEOS_DEPLOYMENT_TARGET = 9.3;
				MTL_ENABLE_DEBUG_INFO = YES;
				ONLY_ACTIVE_ARCH = YES;
				SDKROOT = iphoneos;
				SWIFT_OPTIMIZATION_LEVEL = "-Onone";
			};
			name = Debug;
		};
		9107CBE01D3B242600698CAD /* Release */ = {
			isa = XCBuildConfiguration;
			buildSettings = {
				ALWAYS_SEARCH_USER_PATHS = NO;
				CLANG_ANALYZER_NONNULL = YES;
				CLANG_CXX_LANGUAGE_STANDARD = "gnu++0x";
				CLANG_CXX_LIBRARY = "libc++";
				CLANG_ENABLE_MODULES = YES;
				CLANG_ENABLE_OBJC_ARC = YES;
				CLANG_WARN_BOOL_CONVERSION = YES;
				CLANG_WARN_CONSTANT_CONVERSION = YES;
				CLANG_WARN_DIRECT_OBJC_ISA_USAGE = YES_ERROR;
				CLANG_WARN_EMPTY_BODY = YES;
				CLANG_WARN_ENUM_CONVERSION = YES;
				CLANG_WARN_INT_CONVERSION = YES;
				CLANG_WARN_OBJC_ROOT_CLASS = YES_ERROR;
				CLANG_WARN_UNREACHABLE_CODE = YES;
				CLANG_WARN__DUPLICATE_METHOD_MATCH = YES;
				"CODE_SIGN_IDENTITY[sdk=iphoneos*]" = "iPhone Developer";
				COPY_PHASE_STRIP = NO;
				DEBUG_INFORMATION_FORMAT = "dwarf-with-dsym";
				ENABLE_NS_ASSERTIONS = NO;
				ENABLE_STRICT_OBJC_MSGSEND = YES;
				GCC_C_LANGUAGE_STANDARD = gnu99;
				GCC_NO_COMMON_BLOCKS = YES;
				GCC_WARN_64_TO_32_BIT_CONVERSION = YES;
				GCC_WARN_ABOUT_RETURN_TYPE = YES_ERROR;
				GCC_WARN_UNDECLARED_SELECTOR = YES;
				GCC_WARN_UNINITIALIZED_AUTOS = YES_AGGRESSIVE;
				GCC_WARN_UNUSED_FUNCTION = YES;
				GCC_WARN_UNUSED_VARIABLE = YES;
				IPHONEOS_DEPLOYMENT_TARGET = 9.3;
				MTL_ENABLE_DEBUG_INFO = NO;
				SDKROOT = iphoneos;
				VALIDATE_PRODUCT = YES;
			};
			name = Release;
		};
		9107CBE21D3B242600698CAD /* Debug */ = {
			isa = XCBuildConfiguration;
			buildSettings = {
				ASSETCATALOG_COMPILER_APPICON_NAME = AppIcon;
				INFOPLIST_FILE = Week3/Info.plist;
				LD_RUNPATH_SEARCH_PATHS = "$(inherited) @executable_path/Frameworks";
				PRODUCT_BUNDLE_IDENTIFIER = com.fkts.Week3;
				PRODUCT_NAME = "$(TARGET_NAME)";
			};
			name = Debug;
		};
		9107CBE31D3B242600698CAD /* Release */ = {
			isa = XCBuildConfiguration;
			buildSettings = {
				ASSETCATALOG_COMPILER_APPICON_NAME = AppIcon;
				INFOPLIST_FILE = Week3/Info.plist;
				LD_RUNPATH_SEARCH_PATHS = "$(inherited) @executable_path/Frameworks";
				PRODUCT_BUNDLE_IDENTIFIER = com.fkts.Week3;
				PRODUCT_NAME = "$(TARGET_NAME)";
			};
			name = Release;
		};
/* End XCBuildConfiguration section */

/* Begin XCConfigurationList section */
		9107CBC51D3B242600698CAD /* Build configuration list for PBXProject "Week3" */ = {
			isa = XCConfigurationList;
			buildConfigurations = (
				9107CBDF1D3B242600698CAD /* Debug */,
				9107CBE01D3B242600698CAD /* Release */,
			);
			defaultConfigurationIsVisible = 0;
			defaultConfigurationName = Release;
		};
		9107CBE11D3B242600698CAD /* Build configuration list for PBXNativeTarget "Week3" */ = {
			isa = XCConfigurationList;
			buildConfigurations = (
				9107CBE21D3B242600698CAD /* Debug */,
				9107CBE31D3B242600698CAD /* Release */,
			);
			defaultConfigurationIsVisible = 0;
			defaultConfigurationName = Release;
		};
/* End XCConfigurationList section */

/* Begin XCVersionGroup section */
		9107CBCF1D3B242600698CAD /* Week3.xcdatamodeld */ = {
			isa = XCVersionGroup;
			children = (
				9107CBD01D3B242600698CAD /* Week3.xcdatamodel */,
			);
			currentVersion = 9107CBD01D3B242600698CAD /* Week3.xcdatamodel */;
			path = Week3.xcdatamodeld;
			sourceTree = "<group>";
			versionGroupType = wrapper.xcdatamodel;
		};
/* End XCVersionGroup section */
	};
	rootObject = 9107CBC21D3B242600698CAD /* Project object */;
}
